// !$*UTF8*$!
{
	archiveVersion = 1;
	classes = {
	};
	objectVersion = 55;
	objects = {

/* Begin PBXBuildFile section */
		D8671A8726939E7E00244916 /* Tests_iOS.swift in Sources */ = {isa = PBXBuildFile; fileRef = D8671A8626939E7E00244916 /* Tests_iOS.swift */; };
		D8671A9126939E7E00244916 /* Tests_macOS.swift in Sources */ = {isa = PBXBuildFile; fileRef = D8671A9026939E7E00244916 /* Tests_macOS.swift */; };
		D8671A9226939E7E00244916 /* asyncImagesApp.swift in Sources */ = {isa = PBXBuildFile; fileRef = D8671A7026939E7C00244916 /* asyncImagesApp.swift */; };
		D8671A9326939E7E00244916 /* asyncImagesApp.swift in Sources */ = {isa = PBXBuildFile; fileRef = D8671A7026939E7C00244916 /* asyncImagesApp.swift */; };
		D8671A9426939E7E00244916 /* ContentView.swift in Sources */ = {isa = PBXBuildFile; fileRef = D8671A7126939E7C00244916 /* ContentView.swift */; };
		D8671A9526939E7E00244916 /* ContentView.swift in Sources */ = {isa = PBXBuildFile; fileRef = D8671A7126939E7C00244916 /* ContentView.swift */; };
		D8671A9626939E7E00244916 /* Assets.xcassets in Resources */ = {isa = PBXBuildFile; fileRef = D8671A7226939E7E00244916 /* Assets.xcassets */; };
		D8671A9726939E7E00244916 /* Assets.xcassets in Resources */ = {isa = PBXBuildFile; fileRef = D8671A7226939E7E00244916 /* Assets.xcassets */; };
/* End PBXBuildFile section */

/* Begin PBXContainerItemProxy section */
		D8671A8326939E7E00244916 /* PBXContainerItemProxy */ = {
			isa = PBXContainerItemProxy;
			containerPortal = D8671A6B26939E7C00244916 /* Project object */;
			proxyType = 1;
			remoteGlobalIDString = D8671A7626939E7E00244916;
			remoteInfo = "asyncImages (iOS)";
		};
		D8671A8D26939E7E00244916 /* PBXContainerItemProxy */ = {
			isa = PBXContainerItemProxy;
			containerPortal = D8671A6B26939E7C00244916 /* Project object */;
			proxyType = 1;
			remoteGlobalIDString = D8671A7C26939E7E00244916;
			remoteInfo = "asyncImages (macOS)";
		};
/* End PBXContainerItemProxy section */

/* Begin PBXFileReference section */
		D8671A7026939E7C00244916 /* asyncImagesApp.swift */ = {isa = PBXFileReference; lastKnownFileType = sourcecode.swift; path = asyncImagesApp.swift; sourceTree = "<group>"; };
		D8671A7126939E7C00244916 /* ContentView.swift */ = {isa = PBXFileReference; lastKnownFileType = sourcecode.swift; path = ContentView.swift; sourceTree = "<group>"; };
		D8671A7226939E7E00244916 /* Assets.xcassets */ = {isa = PBXFileReference; lastKnownFileType = folder.assetcatalog; path = Assets.xcassets; sourceTree = "<group>"; };
		D8671A7726939E7E00244916 /* asyncImages.app */ = {isa = PBXFileReference; explicitFileType = wrapper.application; includeInIndex = 0; path = asyncImages.app; sourceTree = BUILT_PRODUCTS_DIR; };
		D8671A7D26939E7E00244916 /* asyncImages.app */ = {isa = PBXFileReference; explicitFileType = wrapper.application; includeInIndex = 0; path = asyncImages.app; sourceTree = BUILT_PRODUCTS_DIR; };
		D8671A8226939E7E00244916 /* Tests iOS.xctest */ = {isa = PBXFileReference; explicitFileType = wrapper.cfbundle; includeInIndex = 0; path = "Tests iOS.xctest"; sourceTree = BUILT_PRODUCTS_DIR; };
		D8671A8626939E7E00244916 /* Tests_iOS.swift */ = {isa = PBXFileReference; lastKnownFileType = sourcecode.swift; path = Tests_iOS.swift; sourceTree = "<group>"; };
		D8671A8C26939E7E00244916 /* Tests macOS.xctest */ = {isa = PBXFileReference; explicitFileType = wrapper.cfbundle; includeInIndex = 0; path = "Tests macOS.xctest"; sourceTree = BUILT_PRODUCTS_DIR; };
		D8671A9026939E7E00244916 /* Tests_macOS.swift */ = {isa = PBXFileReference; lastKnownFileType = sourcecode.swift; path = Tests_macOS.swift; sourceTree = "<group>"; };
/* End PBXFileReference section */

/* Begin PBXFrameworksBuildPhase section */
		D8671A7426939E7E00244916 /* Frameworks */ = {
			isa = PBXFrameworksBuildPhase;
			buildActionMask = 2147483647;
			files = (
			);
			runOnlyForDeploymentPostprocessing = 0;
		};
		D8671A7A26939E7E00244916 /* Frameworks */ = {
			isa = PBXFrameworksBuildPhase;
			buildActionMask = 2147483647;
			files = (
			);
			runOnlyForDeploymentPostprocessing = 0;
		};
		D8671A7F26939E7E00244916 /* Frameworks */ = {
			isa = PBXFrameworksBuildPhase;
			buildActionMask = 2147483647;
			files = (
			);
			runOnlyForDeploymentPostprocessing = 0;
		};
		D8671A8926939E7E00244916 /* Frameworks */ = {
			isa = PBXFrameworksBuildPhase;
			buildActionMask = 2147483647;
			files = (
			);
			runOnlyForDeploymentPostprocessing = 0;
		};
/* End PBXFrameworksBuildPhase section */

/* Begin PBXGroup section */
		D8671A6A26939E7C00244916 = {
			isa = PBXGroup;
			children = (
				D8671A6F26939E7C00244916 /* Shared */,
				D8671A8526939E7E00244916 /* Tests iOS */,
				D8671A8F26939E7E00244916 /* Tests macOS */,
				D8671A7826939E7E00244916 /* Products */,
			);
			sourceTree = "<group>";
		};
		D8671A6F26939E7C00244916 /* Shared */ = {
			isa = PBXGroup;
			children = (
				D8671A7026939E7C00244916 /* asyncImagesApp.swift */,
				D8671A7126939E7C00244916 /* ContentView.swift */,
				D8671A7226939E7E00244916 /* Assets.xcassets */,
			);
			path = Shared;
			sourceTree = "<group>";
		};
		D8671A7826939E7E00244916 /* Products */ = {
			isa = PBXGroup;
			children = (
				D8671A7726939E7E00244916 /* asyncImages.app */,
				D8671A7D26939E7E00244916 /* asyncImages.app */,
				D8671A8226939E7E00244916 /* Tests iOS.xctest */,
				D8671A8C26939E7E00244916 /* Tests macOS.xctest */,
			);
			name = Products;
			sourceTree = "<group>";
		};
		D8671A8526939E7E00244916 /* Tests iOS */ = {
			isa = PBXGroup;
			children = (
				D8671A8626939E7E00244916 /* Tests_iOS.swift */,
			);
			path = "Tests iOS";
			sourceTree = "<group>";
		};
		D8671A8F26939E7E00244916 /* Tests macOS */ = {
			isa = PBXGroup;
			children = (
				D8671A9026939E7E00244916 /* Tests_macOS.swift */,
			);
			path = "Tests macOS";
			sourceTree = "<group>";
		};
/* End PBXGroup section */

/* Begin PBXNativeTarget section */
		D8671A7626939E7E00244916 /* asyncImages (iOS) */ = {
			isa = PBXNativeTarget;
			buildConfigurationList = D8671A9A26939E7E00244916 /* Build configuration list for PBXNativeTarget "asyncImages (iOS)" */;
			buildPhases = (
				D8671A7326939E7E00244916 /* Sources */,
				D8671A7426939E7E00244916 /* Frameworks */,
				D8671A7526939E7E00244916 /* Resources */,
			);
			buildRules = (
			);
			dependencies = (
			);
			name = "asyncImages (iOS)";
			productName = "asyncImages (iOS)";
			productReference = D8671A7726939E7E00244916 /* asyncImages.app */;
			productType = "com.apple.product-type.application";
		};
		D8671A7C26939E7E00244916 /* asyncImages (macOS) */ = {
			isa = PBXNativeTarget;
			buildConfigurationList = D8671A9D26939E7E00244916 /* Build configuration list for PBXNativeTarget "asyncImages (macOS)" */;
			buildPhases = (
				D8671A7926939E7E00244916 /* Sources */,
				D8671A7A26939E7E00244916 /* Frameworks */,
				D8671A7B26939E7E00244916 /* Resources */,
			);
			buildRules = (
			);
			dependencies = (
			);
			name = "asyncImages (macOS)";
			productName = "asyncImages (macOS)";
			productReference = D8671A7D26939E7E00244916 /* asyncImages.app */;
			productType = "com.apple.product-type.application";
		};
		D8671A8126939E7E00244916 /* Tests iOS */ = {
			isa = PBXNativeTarget;
			buildConfigurationList = D8671AA026939E7E00244916 /* Build configuration list for PBXNativeTarget "Tests iOS" */;
			buildPhases = (
				D8671A7E26939E7E00244916 /* Sources */,
				D8671A7F26939E7E00244916 /* Frameworks */,
				D8671A8026939E7E00244916 /* Resources */,
			);
			buildRules = (
			);
			dependencies = (
				D8671A8426939E7E00244916 /* PBXTargetDependency */,
			);
			name = "Tests iOS";
			productName = "Tests iOS";
			productReference = D8671A8226939E7E00244916 /* Tests iOS.xctest */;
			productType = "com.apple.product-type.bundle.ui-testing";
		};
		D8671A8B26939E7E00244916 /* Tests macOS */ = {
			isa = PBXNativeTarget;
			buildConfigurationList = D8671AA326939E7E00244916 /* Build configuration list for PBXNativeTarget "Tests macOS" */;
			buildPhases = (
				D8671A8826939E7E00244916 /* Sources */,
				D8671A8926939E7E00244916 /* Frameworks */,
				D8671A8A26939E7E00244916 /* Resources */,
			);
			buildRules = (
			);
			dependencies = (
				D8671A8E26939E7E00244916 /* PBXTargetDependency */,
			);
			name = "Tests macOS";
			productName = "Tests macOS";
			productReference = D8671A8C26939E7E00244916 /* Tests macOS.xctest */;
			productType = "com.apple.product-type.bundle.ui-testing";
		};
/* End PBXNativeTarget section */

/* Begin PBXProject section */
		D8671A6B26939E7C00244916 /* Project object */ = {
			isa = PBXProject;
			attributes = {
				BuildIndependentTargetsInParallel = 1;
				LastSwiftUpdateCheck = 1300;
				LastUpgradeCheck = 1300;
				TargetAttributes = {
					D8671A7626939E7E00244916 = {
						CreatedOnToolsVersion = 13.0;
					};
					D8671A7C26939E7E00244916 = {
						CreatedOnToolsVersion = 13.0;
					};
					D8671A8126939E7E00244916 = {
						CreatedOnToolsVersion = 13.0;
						TestTargetID = D8671A7626939E7E00244916;
					};
					D8671A8B26939E7E00244916 = {
						CreatedOnToolsVersion = 13.0;
						TestTargetID = D8671A7C26939E7E00244916;
					};
				};
			};
			buildConfigurationList = D8671A6E26939E7C00244916 /* Build configuration list for PBXProject "asyncImages" */;
			compatibilityVersion = "Xcode 13.0";
			developmentRegion = en;
			hasScannedForEncodings = 0;
			knownRegions = (
				en,
				Base,
			);
			mainGroup = D8671A6A26939E7C00244916;
			productRefGroup = D8671A7826939E7E00244916 /* Products */;
			projectDirPath = "";
			projectRoot = "";
			targets = (
				D8671A7626939E7E00244916 /* asyncImages (iOS) */,
				D8671A7C26939E7E00244916 /* asyncImages (macOS) */,
				D8671A8126939E7E00244916 /* Tests iOS */,
				D8671A8B26939E7E00244916 /* Tests macOS */,
			);
		};
/* End PBXProject section */

/* Begin PBXResourcesBuildPhase section */
		D8671A7526939E7E00244916 /* Resources */ = {
			isa = PBXResourcesBuildPhase;
			buildActionMask = 2147483647;
			files = (
				D8671A9626939E7E00244916 /* Assets.xcassets in Resources */,
			);
			runOnlyForDeploymentPostprocessing = 0;
		};
		D8671A7B26939E7E00244916 /* Resources */ = {
			isa = PBXResourcesBuildPhase;
			buildActionMask = 2147483647;
			files = (
				D8671A9726939E7E00244916 /* Assets.xcassets in Resources */,
			);
			runOnlyForDeploymentPostprocessing = 0;
		};
		D8671A8026939E7E00244916 /* Resources */ = {
			isa = PBXResourcesBuildPhase;
			buildActionMask = 2147483647;
			files = (
			);
			runOnlyForDeploymentPostprocessing = 0;
		};
		D8671A8A26939E7E00244916 /* Resources */ = {
			isa = PBXResourcesBuildPhase;
			buildActionMask = 2147483647;
			files = (
			);
			runOnlyForDeploymentPostprocessing = 0;
		};
/* End PBXResourcesBuildPhase section */

/* Begin PBXSourcesBuildPhase section */
		D8671A7326939E7E00244916 /* Sources */ = {
			isa = PBXSourcesBuildPhase;
			buildActionMask = 2147483647;
			files = (
				D8671A9426939E7E00244916 /* ContentView.swift in Sources */,
				D8671A9226939E7E00244916 /* asyncImagesApp.swift in Sources */,
			);
			runOnlyForDeploymentPostprocessing = 0;
		};
		D8671A7926939E7E00244916 /* Sources */ = {
			isa = PBXSourcesBuildPhase;
			buildActionMask = 2147483647;
			files = (
				D8671A9526939E7E00244916 /* ContentView.swift in Sources */,
				D8671A9326939E7E00244916 /* asyncImagesApp.swift in Sources */,
			);
			runOnlyForDeploymentPostprocessing = 0;
		};
		D8671A7E26939E7E00244916 /* Sources */ = {
			isa = PBXSourcesBuildPhase;
			buildActionMask = 2147483647;
			files = (
				D8671A8726939E7E00244916 /* Tests_iOS.swift in Sources */,
			);
			runOnlyForDeploymentPostprocessing = 0;
		};
		D8671A8826939E7E00244916 /* Sources */ = {
			isa = PBXSourcesBuildPhase;
			buildActionMask = 2147483647;
			files = (
				D8671A9126939E7E00244916 /* Tests_macOS.swift in Sources */,
			);
			runOnlyForDeploymentPostprocessing = 0;
		};
/* End PBXSourcesBuildPhase section */

/* Begin PBXTargetDependency section */
		D8671A8426939E7E00244916 /* PBXTargetDependency */ = {
			isa = PBXTargetDependency;
			target = D8671A7626939E7E00244916 /* asyncImages (iOS) */;
			targetProxy = D8671A8326939E7E00244916 /* PBXContainerItemProxy */;
		};
		D8671A8E26939E7E00244916 /* PBXTargetDependency */ = {
			isa = PBXTargetDependency;
			target = D8671A7C26939E7E00244916 /* asyncImages (macOS) */;
			targetProxy = D8671A8D26939E7E00244916 /* PBXContainerItemProxy */;
		};
/* End PBXTargetDependency section */

/* Begin XCBuildConfiguration section */
		D8671A9826939E7E00244916 /* Debug */ = {
			isa = XCBuildConfiguration;
			buildSettings = {
				ALWAYS_SEARCH_USER_PATHS = NO;
				CLANG_ANALYZER_NONNULL = YES;
				CLANG_ANALYZER_NUMBER_OBJECT_CONVERSION = YES_AGGRESSIVE;
				CLANG_CXX_LANGUAGE_STANDARD = "gnu++14";
				CLANG_CXX_LIBRARY = "libc++";
				CLANG_ENABLE_MODULES = YES;
				CLANG_ENABLE_OBJC_ARC = YES;
				CLANG_ENABLE_OBJC_WEAK = YES;
				CLANG_WARN_BLOCK_CAPTURE_AUTORELEASING = YES;
				CLANG_WARN_BOOL_CONVERSION = YES;
				CLANG_WARN_COMMA = YES;
				CLANG_WARN_CONSTANT_CONVERSION = YES;
				CLANG_WARN_DEPRECATED_OBJC_IMPLEMENTATIONS = YES;
				CLANG_WARN_DIRECT_OBJC_ISA_USAGE = YES_ERROR;
				CLANG_WARN_DOCUMENTATION_COMMENTS = YES;
				CLANG_WARN_EMPTY_BODY = YES;
				CLANG_WARN_ENUM_CONVERSION = YES;
				CLANG_WARN_INFINITE_RECURSION = YES;
				CLANG_WARN_INT_CONVERSION = YES;
				CLANG_WARN_NON_LITERAL_NULL_CONVERSION = YES;
				CLANG_WARN_OBJC_IMPLICIT_RETAIN_SELF = YES;
				CLANG_WARN_OBJC_LITERAL_CONVERSION = YES;
				CLANG_WARN_OBJC_ROOT_CLASS = YES_ERROR;
				CLANG_WARN_QUOTED_INCLUDE_IN_FRAMEWORK_HEADER = YES;
				CLANG_WARN_RANGE_LOOP_ANALYSIS = YES;
				CLANG_WARN_STRICT_PROTOTYPES = YES;
				CLANG_WARN_SUSPICIOUS_MOVE = YES;
				CLANG_WARN_UNGUARDED_AVAILABILITY = YES_AGGRESSIVE;
				CLANG_WARN_UNREACHABLE_CODE = YES;
				CLANG_WARN__DUPLICATE_METHOD_MATCH = YES;
				COPY_PHASE_STRIP = NO;
				DEBUG_INFORMATION_FORMAT = dwarf;
				ENABLE_STRICT_OBJC_MSGSEND = YES;
				ENABLE_TESTABILITY = YES;
				GCC_C_LANGUAGE_STANDARD = gnu11;
				GCC_DYNAMIC_NO_PIC = NO;
				GCC_NO_COMMON_BLOCKS = YES;
				GCC_OPTIMIZATION_LEVEL = 0;
				GCC_PREPROCESSOR_DEFINITIONS = (
					"DEBUG=1",
					"$(inherited)",
				);
				GCC_WARN_64_TO_32_BIT_CONVERSION = YES;
				GCC_WARN_ABOUT_RETURN_TYPE = YES_ERROR;
				GCC_WARN_UNDECLARED_SELECTOR = YES;
				GCC_WARN_UNINITIALIZED_AUTOS = YES_AGGRESSIVE;
				GCC_WARN_UNUSED_FUNCTION = YES;
				GCC_WARN_UNUSED_VARIABLE = YES;
				MTL_ENABLE_DEBUG_INFO = INCLUDE_SOURCE;
				MTL_FAST_MATH = YES;
				ONLY_ACTIVE_ARCH = YES;
				SWIFT_ACTIVE_COMPILATION_CONDITIONS = DEBUG;
				SWIFT_OPTIMIZATION_LEVEL = "-Onone";
			};
			name = Debug;
		};
		D8671A9926939E7E00244916 /* Release */ = {
			isa = XCBuildConfiguration;
			buildSettings = {
				ALWAYS_SEARCH_USER_PATHS = NO;
				CLANG_ANALYZER_NONNULL = YES;
				CLANG_ANALYZER_NUMBER_OBJECT_CONVERSION = YES_AGGRESSIVE;
				CLANG_CXX_LANGUAGE_STANDARD = "gnu++14";
				CLANG_CXX_LIBRARY = "libc++";
				CLANG_ENABLE_MODULES = YES;
				CLANG_ENABLE_OBJC_ARC = YES;
				CLANG_ENABLE_OBJC_WEAK = YES;
				CLANG_WARN_BLOCK_CAPTURE_AUTORELEASING = YES;
				CLANG_WARN_BOOL_CONVERSION = YES;
				CLANG_WARN_COMMA = YES;
				CLANG_WARN_CONSTANT_CONVERSION = YES;
				CLANG_WARN_DEPRECATED_OBJC_IMPLEMENTATIONS = YES;
				CLANG_WARN_DIRECT_OBJC_ISA_USAGE = YES_ERROR;
				CLANG_WARN_DOCUMENTATION_COMMENTS = YES;
				CLANG_WARN_EMPTY_BODY = YES;
				CLANG_WARN_ENUM_CONVERSION = YES;
				CLANG_WARN_INFINITE_RECURSION = YES;
				CLANG_WARN_INT_CONVERSION = YES;
				CLANG_WARN_NON_LITERAL_NULL_CONVERSION = YES;
				CLANG_WARN_OBJC_IMPLICIT_RETAIN_SELF = YES;
				CLANG_WARN_OBJC_LITERAL_CONVERSION = YES;
				CLANG_WARN_OBJC_ROOT_CLASS = YES_ERROR;
				CLANG_WARN_QUOTED_INCLUDE_IN_FRAMEWORK_HEADER = YES;
				CLANG_WARN_RANGE_LOOP_ANALYSIS = YES;
				CLANG_WARN_STRICT_PROTOTYPES = YES;
				CLANG_WARN_SUSPICIOUS_MOVE = YES;
				CLANG_WARN_UNGUARDED_AVAILABILITY = YES_AGGRESSIVE;
				CLANG_WARN_UNREACHABLE_CODE = YES;
				CLANG_WARN__DUPLICATE_METHOD_MATCH = YES;
				COPY_PHASE_STRIP = NO;
				DEBUG_INFORMATION_FORMAT = "dwarf-with-dsym";
				ENABLE_NS_ASSERTIONS = NO;
				ENABLE_STRICT_OBJC_MSGSEND = YES;
				GCC_C_LANGUAGE_STANDARD = gnu11;
				GCC_NO_COMMON_BLOCKS = YES;
				GCC_WARN_64_TO_32_BIT_CONVERSION = YES;
				GCC_WARN_ABOUT_RETURN_TYPE = YES_ERROR;
				GCC_WARN_UNDECLARED_SELECTOR = YES;
				GCC_WARN_UNINITIALIZED_AUTOS = YES_AGGRESSIVE;
				GCC_WARN_UNUSED_FUNCTION = YES;
				GCC_WARN_UNUSED_VARIABLE = YES;
				MTL_ENABLE_DEBUG_INFO = NO;
				MTL_FAST_MATH = YES;
				SWIFT_COMPILATION_MODE = wholemodule;
				SWIFT_OPTIMIZATION_LEVEL = "-O";
			};
			name = Release;
		};
		D8671A9B26939E7E00244916 /* Debug */ = {
			isa = XCBuildConfiguration;
			buildSettings = {
				ASSETCATALOG_COMPILER_APPICON_NAME = AppIcon;
				ASSETCATALOG_COMPILER_GLOBAL_ACCENT_COLOR_NAME = AccentColor;
				CODE_SIGN_STYLE = Automatic;
				CURRENT_PROJECT_VERSION = 1;
				DEVELOPMENT_TEAM = YM4S6FGNVS;
				ENABLE_PREVIEWS = YES;
				GENERATE_INFOPLIST_FILE = YES;
				INFOPLIST_KEY_UIApplicationSceneManifest_Generation = YES;
				INFOPLIST_KEY_UIApplicationSupportsIndirectInputEvents = YES;
				INFOPLIST_KEY_UILaunchScreen_Generation = YES;
				INFOPLIST_KEY_UISupportedInterfaceOrientations_iPad = "UIInterfaceOrientationPortrait UIInterfaceOrientationPortraitUpsideDown UIInterfaceOrientationLandscapeLeft UIInterfaceOrientationLandscapeRight";
				INFOPLIST_KEY_UISupportedInterfaceOrientations_iPhone = "UIInterfaceOrientationPortrait UIInterfaceOrientationLandscapeLeft UIInterfaceOrientationLandscapeRight";
				IPHONEOS_DEPLOYMENT_TARGET = 14.0;
				LD_RUNPATH_SEARCH_PATHS = (
					"$(inherited)",
					"@executable_path/Frameworks",
				);
				MARKETING_VERSION = 1.0;
				PRODUCT_BUNDLE_IDENTIFIER = com.kwevans.asyncImages;
				PRODUCT_NAME = asyncImages;
				SDKROOT = iphoneos;
				SWIFT_EMIT_LOC_STRINGS = YES;
				SWIFT_VERSION = 5.0;
				TARGETED_DEVICE_FAMILY = "1,2";
			};
			name = Debug;
		};
		D8671A9C26939E7E00244916 /* Release */ = {
			isa = XCBuildConfiguration;
			buildSettings = {
				ASSETCATALOG_COMPILER_APPICON_NAME = AppIcon;
				ASSETCATALOG_COMPILER_GLOBAL_ACCENT_COLOR_NAME = AccentColor;
				CODE_SIGN_STYLE = Automatic;
				CURRENT_PROJECT_VERSION = 1;
				DEVELOPMENT_TEAM = YM4S6FGNVS;
				ENABLE_PREVIEWS = YES;
				GENERATE_INFOPLIST_FILE = YES;
				INFOPLIST_KEY_UIApplicationSceneManifest_Generation = YES;
				INFOPLIST_KEY_UIApplicationSupportsIndirectInputEvents = YES;
				INFOPLIST_KEY_UILaunchScreen_Generation = YES;
				INFOPLIST_KEY_UISupportedInterfaceOrientations_iPad = "UIInterfaceOrientationPortrait UIInterfaceOrientationPortraitUpsideDown UIInterfaceOrientationLandscapeLeft UIInterfaceOrientationLandscapeRight";
				INFOPLIST_KEY_UISupportedInterfaceOrientations_iPhone = "UIInterfaceOrientationPortrait UIInterfaceOrientationLandscapeLeft UIInterfaceOrientationLandscapeRight";
				IPHONEOS_DEPLOYMENT_TARGET = 14.0;
				LD_RUNPATH_SEARCH_PATHS = (
					"$(inherited)",
					"@executable_path/Frameworks",
				);
				MARKETING_VERSION = 1.0;
				PRODUCT_BUNDLE_IDENTIFIER = com.kwevans.asyncImages;
				PRODUCT_NAME = asyncImages;
				SDKROOT = iphoneos;
				SWIFT_EMIT_LOC_STRINGS = YES;
				SWIFT_VERSION = 5.0;
				TARGETED_DEVICE_FAMILY = "1,2";
				VALIDATE_PRODUCT = YES;
			};
			name = Release;
		};
		D8671A9E26939E7E00244916 /* Debug */ = {
			isa = XCBuildConfiguration;
			buildSettings = {
				ASSETCATALOG_COMPILER_APPICON_NAME = AppIcon;
				ASSETCATALOG_COMPILER_GLOBAL_ACCENT_COLOR_NAME = AccentColor;
				CODE_SIGN_STYLE = Automatic;
				COMBINE_HIDPI_IMAGES = YES;
				CURRENT_PROJECT_VERSION = 1;
				DEVELOPMENT_TEAM = YM4S6FGNVS;
				ENABLE_APP_SANDBOX = YES;
				ENABLE_HARDENED_RUNTIME = YES;
				ENABLE_PREVIEWS = YES;
				ENABLE_USER_SELECTED_FILES = readonly;
				GENERATE_INFOPLIST_FILE = YES;
				INFOPLIST_KEY_NSHumanReadableCopyright = "";
				LD_RUNPATH_SEARCH_PATHS = (
					"$(inherited)",
					"@executable_path/../Frameworks",
				);
				MACOSX_DEPLOYMENT_TARGET = 11.0;
				MARKETING_VERSION = 1.0;
				PRODUCT_BUNDLE_IDENTIFIER = com.kwevans.asyncImages;
				PRODUCT_NAME = asyncImages;
				SDKROOT = macosx;
				SWIFT_EMIT_LOC_STRINGS = YES;
				SWIFT_VERSION = 5.0;
			};
			name = Debug;
		};
		D8671A9F26939E7E00244916 /* Release */ = {
			isa = XCBuildConfiguration;
			buildSettings = {
				ASSETCATALOG_COMPILER_APPICON_NAME = AppIcon;
				ASSETCATALOG_COMPILER_GLOBAL_ACCENT_COLOR_NAME = AccentColor;
				CODE_SIGN_STYLE = Automatic;
				COMBINE_HIDPI_IMAGES = YES;
				CURRENT_PROJECT_VERSION = 1;
				DEVELOPMENT_TEAM = YM4S6FGNVS;
				ENABLE_APP_SANDBOX = YES;
				ENABLE_HARDENED_RUNTIME = YES;
				ENABLE_PREVIEWS = YES;
				ENABLE_USER_SELECTED_FILES = readonly;
				GENERATE_INFOPLIST_FILE = YES;
				INFOPLIST_KEY_NSHumanReadableCopyright = "";
				LD_RUNPATH_SEARCH_PATHS = (
					"$(inherited)",
					"@executable_path/../Frameworks",
				);
				MACOSX_DEPLOYMENT_TARGET = 11.0;
				MARKETING_VERSION = 1.0;
				PRODUCT_BUNDLE_IDENTIFIER = com.kwevans.asyncImages;
				PRODUCT_NAME = asyncImages;
				SDKROOT = macosx;
				SWIFT_EMIT_LOC_STRINGS = YES;
				SWIFT_VERSION = 5.0;
			};
			name = Release;
		};
		D8671AA126939E7E00244916 /* Debug */ = {
			isa = XCBuildConfiguration;
			buildSettings = {
				ALWAYS_EMBED_SWIFT_STANDARD_LIBRARIES = YES;
				CODE_SIGN_STYLE = Automatic;
				CURRENT_PROJECT_VERSION = 1;
				DEVELOPMENT_TEAM = YM4S6FGNVS;
				GENERATE_INFOPLIST_FILE = YES;
				IPHONEOS_DEPLOYMENT_TARGET = 15.0;
				LD_RUNPATH_SEARCH_PATHS = (
					"$(inherited)",
					"@executable_path/Frameworks",
					"@loader_path/Frameworks",
				);
				MARKETING_VERSION = 1.0;
				PRODUCT_BUNDLE_IDENTIFIER = "com.kwevans.Tests-iOS";
				PRODUCT_NAME = "$(TARGET_NAME)";
				SDKROOT = iphoneos;
				SWIFT_EMIT_LOC_STRINGS = NO;
				SWIFT_VERSION = 5.0;
				TARGETED_DEVICE_FAMILY = "1,2";
				TEST_TARGET_NAME = "asyncImages (iOS)";
			};
			name = Debug;
		};
		D8671AA226939E7E00244916 /* Release */ = {
			isa = XCBuildConfiguration;
			buildSettings = {
				ALWAYS_EMBED_SWIFT_STANDARD_LIBRARIES = YES;
				CODE_SIGN_STYLE = Automatic;
				CURRENT_PROJECT_VERSION = 1;
				DEVELOPMENT_TEAM = YM4S6FGNVS;
				GENERATE_INFOPLIST_FILE = YES;
				IPHONEOS_DEPLOYMENT_TARGET = 15.0;
				LD_RUNPATH_SEARCH_PATHS = (
					"$(inherited)",
					"@executable_path/Frameworks",
					"@loader_path/Frameworks",
				);
				MARKETING_VERSION = 1.0;
				PRODUCT_BUNDLE_IDENTIFIER = "com.kwevans.Tests-iOS";
				PRODUCT_NAME = "$(TARGET_NAME)";
				SDKROOT = iphoneos;
				SWIFT_EMIT_LOC_STRINGS = NO;
				SWIFT_VERSION = 5.0;
				TARGETED_DEVICE_FAMILY = "1,2";
				TEST_TARGET_NAME = "asyncImages (iOS)";
				VALIDATE_PRODUCT = YES;
			};
			name = Release;
		};
		D8671AA426939E7E00244916 /* Debug */ = {
			isa = XCBuildConfiguration;
			buildSettings = {
				ALWAYS_EMBED_SWIFT_STANDARD_LIBRARIES = YES;
				CODE_SIGN_STYLE = Automatic;
				COMBINE_HIDPI_IMAGES = YES;
				CURRENT_PROJECT_VERSION = 1;
				DEVELOPMENT_TEAM = YM4S6FGNVS;
				GENERATE_INFOPLIST_FILE = YES;
				LD_RUNPATH_SEARCH_PATHS = (
					"$(inherited)",
					"@executable_path/../Frameworks",
					"@loader_path/../Frameworks",
				);
				MACOSX_DEPLOYMENT_TARGET = 11.4;
				MARKETING_VERSION = 1.0;
				PRODUCT_BUNDLE_IDENTIFIER = "com.kwevans.Tests-macOS";
				PRODUCT_NAME = "$(TARGET_NAME)";
				SDKROOT = macosx;
				SWIFT_EMIT_LOC_STRINGS = NO;
				SWIFT_VERSION = 5.0;
				TEST_TARGET_NAME = "asyncImages (macOS)";
			};
			name = Debug;
		};
		D8671AA526939E7E00244916 /* Release */ = {
			isa = XCBuildConfiguration;
			buildSettings = {
				ALWAYS_EMBED_SWIFT_STANDARD_LIBRARIES = YES;
				CODE_SIGN_STYLE = Automatic;
				COMBINE_HIDPI_IMAGES = YES;
				CURRENT_PROJECT_VERSION = 1;
				DEVELOPMENT_TEAM = YM4S6FGNVS;
				GENERATE_INFOPLIST_FILE = YES;
				LD_RUNPATH_SEARCH_PATHS = (
					"$(inherited)",
					"@executable_path/../Frameworks",
					"@loader_path/../Frameworks",
				);
				MACOSX_DEPLOYMENT_TARGET = 11.4;
				MARKETING_VERSION = 1.0;
				PRODUCT_BUNDLE_IDENTIFIER = "com.kwevans.Tests-macOS";
				PRODUCT_NAME = "$(TARGET_NAME)";
				SDKROOT = macosx;
				SWIFT_EMIT_LOC_STRINGS = NO;
				SWIFT_VERSION = 5.0;
				TEST_TARGET_NAME = "asyncImages (macOS)";
			};
			name = Release;
		};
/* End XCBuildConfiguration section */

/* Begin XCConfigurationList section */
		D8671A6E26939E7C00244916 /* Build configuration list for PBXProject "asyncImages" */ = {
			isa = XCConfigurationList;
			buildConfigurations = (
				D8671A9826939E7E00244916 /* Debug */,
				D8671A9926939E7E00244916 /* Release */,
			);
			defaultConfigurationIsVisible = 0;
			defaultConfigurationName = Release;
		};
		D8671A9A26939E7E00244916 /* Build configuration list for PBXNativeTarget "asyncImages (iOS)" */ = {
			isa = XCConfigurationList;
			buildConfigurations = (
				D8671A9B26939E7E00244916 /* Debug */,
				D8671A9C26939E7E00244916 /* Release */,
			);
			defaultConfigurationIsVisible = 0;
			defaultConfigurationName = Release;
		};
		D8671A9D26939E7E00244916 /* Build configuration list for PBXNativeTarget "asyncImages (macOS)" */ = {
			isa = XCConfigurationList;
			buildConfigurations = (
				D8671A9E26939E7E00244916 /* Debug */,
				D8671A9F26939E7E00244916 /* Release */,
			);
			defaultConfigurationIsVisible = 0;
			defaultConfigurationName = Release;
		};
		D8671AA026939E7E00244916 /* Build configuration list for PBXNativeTarget "Tests iOS" */ = {
			isa = XCConfigurationList;
			buildConfigurations = (
				D8671AA126939E7E00244916 /* Debug */,
				D8671AA226939E7E00244916 /* Release */,
			);
			defaultConfigurationIsVisible = 0;
			defaultConfigurationName = Release;
		};
		D8671AA326939E7E00244916 /* Build configuration list for PBXNativeTarget "Tests macOS" */ = {
			isa = XCConfigurationList;
			buildConfigurations = (
				D8671AA426939E7E00244916 /* Debug */,
				D8671AA526939E7E00244916 /* Release */,
			);
			defaultConfigurationIsVisible = 0;
			defaultConfigurationName = Release;
		};
/* End XCConfigurationList section */
	};
	rootObject = D8671A6B26939E7C00244916 /* Project object */;
}
